github.com/Luigi-Pizzolito/English2KanaTransliteration v1.0.4 h1:IzmZUthpnKCGlKL2SFheeWzkGCqqQjJL8gFHWPfw9LA=
github.com/Luigi-Pizzolito/English2KanaTransliteration v1.0.4/go.mod h1:ZQ7p4kVLY6hl6I6TKYkJ4lSOpehd5CFd9GxcLrd+8kQ=
github.com/braheezy/shine-mp3 v0.1.0 h1:N2wZhv6ipCFduTSftaPNdDgZ5xFmQAPvB7JcqA4sSi8=
github.com/braheezy/shine-mp3 v0.1.0/go.mod h1:0H/pmcpFAd+Fnrj6Pc7du7wL36U/HqtfcgPJuCgc1L4=
github.com/davecgh/go-spew v1.1.1 h1:vj9j/u1bqnvCEfJOwUhtlOARqs3+rkHYY13jYWTU97c=
github.com/davecgh/go-spew v1.1.1/go.mod h1:J7Y8YcW2NihsgmVo/mv3lAwl/skON4iLHjSsI+c5H38=
github.com/ebitengine/oto/v3 v3.4.1 h1:uX7B03/P2P8oWiSI5HXjyjSP4besYn3V9nDk3cR+eIY=
github.com/ebitengine/oto/v3 v3.4.1/go.mod h1:IOleLVD0m+CMak3mRVwsYY8vTctQgOM0iiL6S7Ar7eI=
github.com/ebitengine/purego v0.9.0 h1:mh0zpKBIXDceC63hpvPuGLiJ8ZAa3DfrFTudmfi8A4k=
github.com/ebitengine/purego v0.9.0/go.mod h1:iIjxzd6CiRiOG0UyXP+V1+jWqUXVjPKLAI0mRfJZTmQ=
github.com/go-audio/audio v1.0.0 h1:zS9vebldgbQqktK4H0lUqWrG8P0NxCJVqcj7ZpNnwd4=
github.com/go-audio/audio v1.0.0/go.mod h1:6uAu0+H2lHkwdGsAY+j2wHPNPpPoeg5AaEFh9FlA+Zs=
github.com/go-audio/riff v1.0.0 h1:d8iCGbDvox9BfLagY94fBynxSPHO80LmZCaOsmKxokA=
github.com/go-audio/riff v1.0.0/go.mod h1:l3cQwc85y79NQFCRB7TiPoNiaijp6q8Z0Uv38rVG498=
github.com/go-audio/wav v1.1.0 h1:jQgLtbqBzY7G+BM8fXF7AHUk1uHUviWS4X39d5rsL2g=
github.com/go-audio/wav v1.1.0/go.mod h1:mpe9qfwbScEbkd8uybLuIpTgHyrISw/OTuvjUW2iGtE=
github.com/gojp/kana v0.1.0 h1:8bd0WXAObhYpyFA3pF17YImnYyVshw0bcXS+ybNFYQk=
github.com/gojp/kana v0.1.0/go.mod h1:kWp5hDdJQqnZ2E3SQNQe+iejY63SZ+JdlbnW+qn7vxY=
github.com/google/uuid v1.6.0 h1:NIvaJDMOsjHA8n1jAhLSgzrAzy1Hgr+hNrb57e+94F0=
github.com/google/uuid v1.6.0/go.mod h1:TIyPZe4MgqvfeYDBFedMoGGpEw/LqOeaOT+nhxU+yHo=
github.com/jonchammer/audio-io v0.3.0 h1:OBOuUuzjgdulm86R+sAZzNJB3qROphb0nPGwFLFHy+k=
github.com/jonchammer/audio-io v0.3.0/go.mod h1:LdfpPvyN/+XZoZgVSn/fcepjougwm/ekP78MaJoB4YM=
github.com/pkg/errors v0.9.1 h1:FEBLx1zS214owpjy7qsBeixbURkuhQAwrK5UwLGTwt4=
github.com/pkg/errors v0.9.1/go.mod h1:bwawxfHBFNV+L2hUp1rHADufV3IMtnDRdf1r5NINEl0=
github.com/pmezard/go-difflib v1.0.0 h1:4DBwDE0NGyQoBHbLQYPwSUPoCMWR5BEzIk/f1lZbAQM=
github.com/pmezard/go-difflib v1.0.0/go.mod h1:iKH77koFhYxTK1pcRnkKkqfTogsbg7gZNVY4sRDYZ/4=
github.com/stretchr/testify v1.8.2 h1:+h33VjcLVPDHtOdpUCuF+7gSuG3yGIftsP1YvFihtJ8=
github.com/stretchr/testify v1.8.2/go.mod h1:w2LPCIKwWwSfY2zedu0+kehJoqGctiVI29o6fzry7u4=
github.com/unitoftime/beep v0.0.0-20260407205258-62236bbd2ba3 h1:PFyLVAHVveVQ3bRYT3CB6e2NUZMaF/2X6LuSU/h1aDk=
github.com/unitoftime/beep v0.0.0-20260407205258-62236bbd2ba3/go.mod h1:P1j3xRgms7eb4x95IaPENFqQ/7GCNx/KAgEfTPhPaq8=
github.com/zeozeozeo/gomplerate v0.0.0-20250404113140-0fbb236df825 h1:rViu1xhQRtdJogc39jF46PS01xHVD736JowXl2qOcPM=
github.com/zeozeozeo/gomplerate v0.0.0-20250404113140-0fbb236df825/go.mod h1:ASuMFHITnaVdPvMkoDGI4tTwYG9fW7Mxv2j5AuvTo8Q=
go.yaml.in/yaml/v4 v4.0.0-rc.6 h1:1h7H1ohdUh93/FyE4YaDa1Zh64K6VVbjF4K6WUxMtH4=
go.yaml.in/yaml/v4 v4.0.0-rc.6/go.mod h1:aZqd9kCMsGL7AuUv/m/PvWLdg5sjJsZ4oHDEnfPPfY0=
golang.org/x/sync v0.22.0 h1:SZjpbeLmrCk4xhRSZFNZW5gFUeCeFgjekvI/+gfScek=
golang.org/x/sync v0.22.0/go.mod h1:9xrNwdLfx4jkKbNva9FpL6vEN7evnE43NNNJQ2LF3+0=
golang.org/x/sys v0.47.0 h1:o7XGOvZQCADBQQ4Y7VNq2dRWQR7JmOUW8Kxx4ZsNgWs=
golang.org/x/sys v0.47.0/go.mod h1:4GL1E5IUh+htKOUEOaiffhrAeqysfVGipDYzABqnCmw=
gopkg.in/yaml.v3 v3.0.1 h1:fxVm/GzAzEWqLHuvctI91KS9hhNmmWOoWu0XTYJS7CA=
gopkg.in/yaml.v3 v3.0.1/go.mod h1:K4uyk7z7BCEPqu6E+C64Yfv1cQ7kz7rIZviUmN+EgEM=
